
Microsoft Visual Studio Solution File, Format Version 12.00
# Visual Studio Version 17
VisualStudioVersion = 17.0.31903.59
MinimumVisualStudioVersion = 10.0.40219.1
Project("{FAE04EC0-301F-11D3-BF4B-00C04F79EFBC}") = "PivotPad", "PivotPad\PivotPad.csproj", "{F020FC8F-E0BE-4547-A8B7-7D3026C70A22}"
EndProject
Global
	GlobalSection(SolutionConfigurationPlatforms) = preSolution
		Debug|Any CPU = Debug|Any CPU
		Release|Any CPU = Release|Any CPU
	EndGlobalSection
	GlobalSection(SolutionProperties) = preSolution
		HideSolutionNode = FALSE
	EndGlobalSection
	GlobalSection(ProjectConfigurationPlatforms) = postSolution
		{F020FC8F-E0BE-4547-A8B7-7D3026C70A22}.Debug|Any CPU.ActiveCfg = Debug|Any CPU
		{F020FC8F-E0BE-4547-A8B7-7D3026C70A22}.Debug|Any CPU.Build.0 = Debug|Any CPU
		{F020FC8F-E0BE-4547-A8B7-7D3026C70A22}.Release|Any CPU.ActiveCfg = Release|Any CPU
		{F020FC8F-E0BE-4547-A8B7-7D3026C70A22}.Release|Any CPU.Build.0 = Release|Any CPU
	EndGlobalSection
EndGlobal
